
Microsoft Visual Studio Solution File, Format Version 12.00
# Visual Studio Version 17
VisualStudioVersion = 17.7.34221.43
MinimumVisualStudioVersion = 10.0.40219.1
Project("{FAE04EC0-301F-11D3-BF4B-00C04F79EFBC}") = "MultiPurposeCalculatorApp.Android", "MultiPurposeCalculatorApp.Android\MultiPurposeCalculatorApp.Android.csproj", "{0960BA72-121C-43C5-8F59-710273CB93AF}"
EndProject
Project("{FAE04EC0-301F-11D3-BF4B-00C04F79EFBC}") = "MultiPurposeCalculatorApp", "MultiPurposeCalculatorApp\MultiPurposeCalculatorApp.csproj", "{E405C90E-971D-4CC1-A37C-8816A37DA977}"
EndProject
Global
	GlobalSection(SolutionConfigurationPlatforms) = preSolution
		Debug|Any CPU = Debug|Any CPU
		Release|Any CPU = Release|Any CPU
	EndGlobalSection
	GlobalSection(ProjectConfigurationPlatforms) = postSolution
		{0960BA72-121C-43C5-8F59-710273CB93AF}.Debug|Any CPU.ActiveCfg = Debug|Any CPU
		{0960BA72-121C-43C5-8F59-710273CB93AF}.Debug|Any CPU.Build.0 = Debug|Any CPU
		{0960BA72-121C-43C5-8F59-710273CB93AF}.Debug|Any CPU.Deploy.0 = Debug|Any CPU
		{0960BA72-121C-43C5-8F59-710273CB93AF}.Release|Any CPU.ActiveCfg = Release|Any CPU
		{0960BA72-121C-43C5-8F59-710273CB93AF}.Release|Any CPU.Build.0 = Release|Any CPU
		{0960BA72-121C-43C5-8F59-710273CB93AF}.Release|Any CPU.Deploy.0 = Release|Any CPU
		{E405C90E-971D-4CC1-A37C-8816A37DA977}.Debug|Any CPU.ActiveCfg = Debug|Any CPU
		{E405C90E-971D-4CC1-A37C-8816A37DA977}.Debug|Any CPU.Build.0 = Debug|Any CPU
		{E405C90E-971D-4CC1-A37C-8816A37DA977}.Debug|Any CPU.Deploy.0 = Debug|Any CPU
		{E405C90E-971D-4CC1-A37C-8816A37DA977}.Release|Any CPU.ActiveCfg = Release|Any CPU
		{E405C90E-971D-4CC1-A37C-8816A37DA977}.Release|Any CPU.Build.0 = Release|Any CPU
		{E405C90E-971D-4CC1-A37C-8816A37DA977}.Release|Any CPU.Deploy.0 = Release|Any CPU
	EndGlobalSection
	GlobalSection(SolutionProperties) = preSolution
		HideSolutionNode = FALSE
	EndGlobalSection
	GlobalSection(ExtensibilityGlobals) = postSolution
		SolutionGuid = {7B629F7D-B759-43B4-B96A-67BF0062D43F}
	EndGlobalSection
EndGlobal
